connexion==2.7.0
Flask==1.1.2
Flask-Cors==3.0.9
uWSGI==2.0.19.1
uwsgitop==0.11
requests==2.25.1
tqdm==4.54.1
Unidecode==1.1.1
sentence-transformers==0.3.9
numpy==1.18.1
h5py==3.1.0
nmslib==2.0.5
nmslib-viz==1.0.1
## The following requirements were added by pip freeze:
attrs==20.3.0
cached-property==1.5.2
certifi==2020.12.5
chardet==4.0.0
click==7.1.2
clickclick==20.10.2
filelock==3.0.12
idna==2.10
importlib-metadata==3.3.0
inflection==0.5.1
itsdangerous==1.1.0
Jinja2==2.11.2
joblib==1.0.0
jsonschema==3.2.0
MarkupSafe==1.1.1
nltk==3.5
openapi-spec-validator==0.2.9
packaging==20.8
protobuf==3.14.0
psutil==5.8.0
pybind11==2.6.1
pyparsing==2.4.7
pyrsistent==0.17.3
PyYAML==5.3.1
regex==2020.11.13
sacremoses==0.0.43
scikit-learn==0.22.2.post1
scipy==1.5.4
sentencepiece==0.1.91
six==1.15.0
swagger-ui-bundle==0.0.8
threadpoolctl==2.1.0
tokenizers==0.9.3
torch==1.7.1
transformers==3.5.1
typing-extensions==3.7.4.3
urllib3==1.26.2
Werkzeug==1.0.1
zipp==3.4.0
